# This file is automatically @generated by Poetry 1.4.2 and should not be changed by hand.

[[package]]
name = "python-osc"
version = "1.8.1"
description = "Open Sound Control server and client implementations in pure Python"
category = "main"
optional = false
python-versions = "*"
files = [
    {file = "python-osc-1.8.1.tar.gz", hash = "sha256:ebd6b7cf8ae387380f48e9d6d7369bad1c176a1af6608efd7888b50b4f0e74ad"},
    {file = "python_osc-1.8.1-py3-none-any.whl", hash = "sha256:13a1f76cbc5e5acdd9f9ec5b002b769ecb31db6bcf6d6e75ca64c07bbb6c83e8"},
]

[metadata]
lock-version = "2.0"
python-versions = "^3.10"
content-hash = "1efbddf3f6aa865312e7b21c1fdd85914493f96aa2d9a229468fd7b9a6040cb5"
