# This file is automatically @generated by Poetry 1.4.2 and should not be changed by hand.

[[package]]
name = "mido"
version = "1.2.10"
description = "MIDI Objects for Python"
category = "main"
optional = false
python-versions = "*"
files = [
    {file = "mido-1.2.10-py2.py3-none-any.whl", hash = "sha256:0e618232063e0a220249da4961563c7636fea00096cfb3e2b87a4231f0ac1a9e"},
    {file = "mido-1.2.10.tar.gz", hash = "sha256:17b38a8e4594497b850ec6e78b848eac3661706bfc49d484a36d91335a373499"},
]

[package.extras]
dev = ["check-manifest (>=0.35)", "flake8 (>=3.4.1)", "pytest (>=3.2.2)", "sphinx (>=1.6.3)", "tox (>=2.8.2)"]
ports = ["python-rtmidi (>=1.1.0)"]

[[package]]
name = "python-osc"
version = "1.8.1"
description = "Open Sound Control server and client implementations in pure Python"
category = "main"
optional = false
python-versions = "*"
files = [
    {file = "python-osc-1.8.1.tar.gz", hash = "sha256:ebd6b7cf8ae387380f48e9d6d7369bad1c176a1af6608efd7888b50b4f0e74ad"},
    {file = "python_osc-1.8.1-py3-none-any.whl", hash = "sha256:13a1f76cbc5e5acdd9f9ec5b002b769ecb31db6bcf6d6e75ca64c07bbb6c83e8"},
]

[[package]]
name = "python-rtmidi"
version = "1.5.0"
description = "A Python binding for the RtMidi C++ library implemented using Cython."
category = "main"
optional = false
python-versions = "*"
files = [
    {file = "python-rtmidi-1.5.0.tar.gz", hash = "sha256:92e619f4343f262daed7874236c910a6a60d10481ed7c4db86c7cba80f35e9e7"},
    {file = "python_rtmidi-1.5.0-cp310-cp310-macosx_10_9_universal2.whl", hash = "sha256:f54299b7b83e99fa2a533cf6ca24e17ccb492429562c309654143bfb6537bc00"},
    {file = "python_rtmidi-1.5.0-cp310-cp310-manylinux_2_28_aarch64.whl", hash = "sha256:8090467b36be0529ea0b687849901c9a517de5f47edca09771a502f5e377f60e"},
    {file = "python_rtmidi-1.5.0-cp310-cp310-manylinux_2_28_x86_64.whl", hash = "sha256:659558070e15dca97660341919f95ae0f6e86c5383af6789813d9b16ba51863c"},
    {file = "python_rtmidi-1.5.0-cp310-cp310-win_amd64.whl", hash = "sha256:91362c4b7adc11b2d266adb2ca8e5d50be4b8b58ced1cebf8f5281d81b998a10"},
    {file = "python_rtmidi-1.5.0-cp311-cp311-macosx_10_9_universal2.whl", hash = "sha256:a3f543efd038afb0a15b492ca0a807941b2716bbed046e8fcc5770c0074faa32"},
    {file = "python_rtmidi-1.5.0-cp311-cp311-manylinux_2_28_aarch64.whl", hash = "sha256:19a34425806d6cf3fb46f4d679ad34de2a42b82833ec5b98b637345d77cf5e0a"},
    {file = "python_rtmidi-1.5.0-cp311-cp311-manylinux_2_28_x86_64.whl", hash = "sha256:7e752532b64f51a277a749de549014f6588189902df0b656cba3a4a4c980df7f"},
    {file = "python_rtmidi-1.5.0-cp311-cp311-win_amd64.whl", hash = "sha256:d9f1b5fc9d1fcb967f644f796387552c1a573bd634f5da5bf4a6100e2973d497"},
    {file = "python_rtmidi-1.5.0-cp38-cp38-macosx_10_9_universal2.whl", hash = "sha256:6293bb8bccbaeb43d5484d6b3ea28f7ba18138c9ba5fda2db1e81213c680b445"},
    {file = "python_rtmidi-1.5.0-cp38-cp38-manylinux_2_28_aarch64.whl", hash = "sha256:afd6ed249a9cbd6673e102e1cd2b1838c622b5c47cd0ba9f6dc8f6591921fc63"},
    {file = "python_rtmidi-1.5.0-cp38-cp38-manylinux_2_28_x86_64.whl", hash = "sha256:bf9ab4a5e5a2ba9399abfeaf7b2047dd8c287ac0bbffd33649f623765788db07"},
    {file = "python_rtmidi-1.5.0-cp38-cp38-win_amd64.whl", hash = "sha256:39d52382bda5f16013a03b4589e2c2378f373345eb238ffed61e8bad3ce5b29a"},
    {file = "python_rtmidi-1.5.0-cp39-cp39-macosx_10_9_universal2.whl", hash = "sha256:07145ab1137aaf879895ec449b1793fea72dc661f0470769cb5d03fe80ff728a"},
    {file = "python_rtmidi-1.5.0-cp39-cp39-manylinux_2_28_aarch64.whl", hash = "sha256:4fcdc2372900334cefa6cd48c66b3b3681b6b03f683a0562b679a89f233ae700"},
    {file = "python_rtmidi-1.5.0-cp39-cp39-manylinux_2_28_x86_64.whl", hash = "sha256:14744ec6169cd21dd42e0dadac31482906121f7cf50191b9a230eda8183ac8f2"},
    {file = "python_rtmidi-1.5.0-cp39-cp39-win_amd64.whl", hash = "sha256:e089c5014926437c62ee8dc25c8a293a5fb70f1e406564094c3871dfd8846bd7"},
]

[metadata]
lock-version = "2.0"
python-versions = "^3.10"
content-hash = "7801a540de4a766943e4140e6bd30572d6291958b34b8efc4b20a6312f343713"
